
Microsoft Visual Studio Solution File, Format Version 12.00
# Visual Studio 15
VisualStudioVersion = 15.0.26430.12
MinimumVisualStudioVersion = 10.0.40219.1
Project("{9A19103F-16F7-4668-BE54-9A1E7A4F7556}") = "LoFGatekeeper", "LoFGatekeeper.csproj", "{D78F4AA7-2E42-4DFE-B215-195D69D1419E}"
EndProject
Project("{9A19103F-16F7-4668-BE54-9A1E7A4F7556}") = "LoFGatekeeper.BRTImport", "..\LoFGatekeeper.BRTImport\LoFGatekeeper.BRTImport.csproj", "{1B41BE75-CEC2-4275-BAED-3F741894D43C}"
EndProject
Project("{9A19103F-16F7-4668-BE54-9A1E7A4F7556}") = "LoFGatekeeper.Interfaces", "..\LoFGatekeeper.Interfaces\LoFGatekeeper.Interfaces.csproj", "{F039DC41-7B79-445B-A0BD-093B0B0274EA}"
EndProject
Project("{9A19103F-16F7-4668-BE54-9A1E7A4F7556}") = "LoFGatekeeper.CSVImport.Ticketing", "..\LoFGatekeeper.CSVImport.Ticketing\LoFGatekeeper.CSVImport.Ticketing.csproj", "{746CE17E-E20C-467C-B1CD-120A9D673213}"
EndProject
Project("{9A19103F-16F7-4668-BE54-9A1E7A4F7556}") = "LoFGatekeeper.CSVImport.Departments", "..\LoFGatekeeper.CSVImport.Departments\LoFGatekeeper.CSVImport.Departments.csproj", "{FEABDE75-3091-4F48-B2E9-18B2CE8321A1}"
EndProject
Global
	GlobalSection(SolutionConfigurationPlatforms) = preSolution
		Debug|Any CPU = Debug|Any CPU
		Release|Any CPU = Release|Any CPU
	EndGlobalSection
	GlobalSection(ProjectConfigurationPlatforms) = postSolution
		{D78F4AA7-2E42-4DFE-B215-195D69D1419E}.Debug|Any CPU.ActiveCfg = Debug|Any CPU
		{D78F4AA7-2E42-4DFE-B215-195D69D1419E}.Debug|Any CPU.Build.0 = Debug|Any CPU
		{D78F4AA7-2E42-4DFE-B215-195D69D1419E}.Release|Any CPU.ActiveCfg = Release|Any CPU
		{D78F4AA7-2E42-4DFE-B215-195D69D1419E}.Release|Any CPU.Build.0 = Release|Any CPU
		{1B41BE75-CEC2-4275-BAED-3F741894D43C}.Debug|Any CPU.ActiveCfg = Debug|Any CPU
		{1B41BE75-CEC2-4275-BAED-3F741894D43C}.Release|Any CPU.ActiveCfg = Release|Any CPU
		{1B41BE75-CEC2-4275-BAED-3F741894D43C}.Release|Any CPU.Build.0 = Release|Any CPU
		{F039DC41-7B79-445B-A0BD-093B0B0274EA}.Debug|Any CPU.ActiveCfg = Debug|Any CPU
		{F039DC41-7B79-445B-A0BD-093B0B0274EA}.Debug|Any CPU.Build.0 = Debug|Any CPU
		{F039DC41-7B79-445B-A0BD-093B0B0274EA}.Release|Any CPU.ActiveCfg = Release|Any CPU
		{F039DC41-7B79-445B-A0BD-093B0B0274EA}.Release|Any CPU.Build.0 = Release|Any CPU
		{746CE17E-E20C-467C-B1CD-120A9D673213}.Debug|Any CPU.ActiveCfg = Debug|Any CPU
		{746CE17E-E20C-467C-B1CD-120A9D673213}.Release|Any CPU.ActiveCfg = Release|Any CPU
		{746CE17E-E20C-467C-B1CD-120A9D673213}.Release|Any CPU.Build.0 = Release|Any CPU
		{FEABDE75-3091-4F48-B2E9-18B2CE8321A1}.Debug|Any CPU.ActiveCfg = Debug|Any CPU
		{FEABDE75-3091-4F48-B2E9-18B2CE8321A1}.Release|Any CPU.ActiveCfg = Release|Any CPU
		{FEABDE75-3091-4F48-B2E9-18B2CE8321A1}.Release|Any CPU.Build.0 = Release|Any CPU
	EndGlobalSection
	GlobalSection(SolutionProperties) = preSolution
		HideSolutionNode = FALSE
	EndGlobalSection
EndGlobal
